// !$*UTF8*$!
{
	archiveVersion = 1;
	classes = {
	};
	objectVersion = 77;
	objects = {

/* Begin PBXBuildFile section */
		35276A5929D44FB0F4F5CA8D /* mime_content.cpp in Sources */ = {isa = PBXBuildFile; fileRef = 5F9B862A4046DF670403F29C /* mime_content.cpp */; };
		55BE462576943E97D5512446 /* CrashReporterService.swift in Sources */ = {isa = PBXBuildFile; fileRef = 1E0A47F2EF5B50C2BF6B355E /* CrashReporterService.swift */; };
		6ADA1695A4F8B0A98D0A7335 /* OutlookClientBridge.mm in Sources */ = {isa = PBXBuildFile; fileRef = A731EDA7A89315A29CD9A7F6 /* OutlookClientBridge.mm */; };
		74206399E1D2A0A4E445BE32 /* CrashReporter in Frameworks */ = {isa = PBXBuildFile; productRef = E152F82AFE709819233C8A93 /* CrashReporter */; };
		76A52B31EA400B89551D715E /* outlook_mailcart.cpp in Sources */ = {isa = PBXBuildFile; fileRef = D36EB4D0A9A281B0E3741778 /* outlook_mailcart.cpp */; };
		987A41F14DF6490DA92EB4E1 /* mailcart.cpp in Sources */ = {isa = PBXBuildFile; fileRef = 214BEE79C39B4254FDECCC10 /* mailcart.cpp */; };
		B59C3909F70924243B37F152 /* OutlookMailContentView.swift in Sources */ = {isa = PBXBuildFile; fileRef = 9D8E3957C2F61DF4DEDD0070 /* OutlookMailContentView.swift */; };
		C637DCB54C3610694BB1B7B4 /* OutlookMailApp.swift in Sources */ = {isa = PBXBuildFile; fileRef = 0A76AAB774EB03152AA2E381 /* OutlookMailApp.swift */; };
		DAB48E4C7AC071BB3EFF76D8 /* OutlookMailViewModel.swift in Sources */ = {isa = PBXBuildFile; fileRef = 7E180B3F5D48C4C80D7D91F7 /* OutlookMailViewModel.swift */; };
		E140218C5669BB1F93027483 /* outlook_client.cpp in Sources */ = {isa = PBXBuildFile; fileRef = 5712FE9426E91A5FFC7F07AB /* outlook_client.cpp */; };
		EF7BBC78C432905F84CF3C4E /* OutlookBridgeModels.m in Sources */ = {isa = PBXBuildFile; fileRef = 2029996D568A439DA3B2CC2C /* OutlookBridgeModels.m */; };
/* End PBXBuildFile section */

/* Begin PBXFileReference section */
		0A76AAB774EB03152AA2E381 /* OutlookMailApp.swift */ = {isa = PBXFileReference; lastKnownFileType = sourcecode.swift; path = OutlookMailApp.swift; sourceTree = "<group>"; };
		176F6F8289A4FFCF4C5FDCEB /* Mailcart.app */ = {isa = PBXFileReference; explicitFileType = wrapper.application; includeInIndex = 0; path = Mailcart.app; sourceTree = BUILT_PRODUCTS_DIR; };
		1E0A47F2EF5B50C2BF6B355E /* CrashReporterService.swift */ = {isa = PBXFileReference; lastKnownFileType = sourcecode.swift; path = CrashReporterService.swift; sourceTree = "<group>"; };
		1ED72A397F3BABD8A09A2DF5 /* mime_content.hpp */ = {isa = PBXFileReference; lastKnownFileType = sourcecode.cpp.h; path = mime_content.hpp; sourceTree = "<group>"; };
		2029996D568A439DA3B2CC2C /* OutlookBridgeModels.m */ = {isa = PBXFileReference; lastKnownFileType = sourcecode.c.objc; path = OutlookBridgeModels.m; sourceTree = "<group>"; };
		213CDD3BDD0C2BB559E7E8AB /* OutlookBridgeModels.h */ = {isa = PBXFileReference; lastKnownFileType = sourcecode.c.h; path = OutlookBridgeModels.h; sourceTree = "<group>"; };
		214BEE79C39B4254FDECCC10 /* mailcart.cpp */ = {isa = PBXFileReference; lastKnownFileType = sourcecode.cpp.cpp; path = mailcart.cpp; sourceTree = "<group>"; };
		4EC2A1467465273C8329728E /* OutlookClientBridge.h */ = {isa = PBXFileReference; lastKnownFileType = sourcecode.c.h; path = OutlookClientBridge.h; sourceTree = "<group>"; };
		5712FE9426E91A5FFC7F07AB /* outlook_client.cpp */ = {isa = PBXFileReference; lastKnownFileType = sourcecode.cpp.cpp; path = outlook_client.cpp; sourceTree = "<group>"; };
		5F9B862A4046DF670403F29C /* mime_content.cpp */ = {isa = PBXFileReference; lastKnownFileType = sourcecode.cpp.cpp; path = mime_content.cpp; sourceTree = "<group>"; };
		62F96857D687BD4476BF00AE /* outlook_client.hpp */ = {isa = PBXFileReference; lastKnownFileType = sourcecode.cpp.h; path = outlook_client.hpp; sourceTree = "<group>"; };
		7E180B3F5D48C4C80D7D91F7 /* OutlookMailViewModel.swift */ = {isa = PBXFileReference; lastKnownFileType = sourcecode.swift; path = OutlookMailViewModel.swift; sourceTree = "<group>"; };
		9D8E3957C2F61DF4DEDD0070 /* OutlookMailContentView.swift */ = {isa = PBXFileReference; lastKnownFileType = sourcecode.swift; path = OutlookMailContentView.swift; sourceTree = "<group>"; };
		A20D9D306539BC692159B9FD /* outlook_mailcart.hpp */ = {isa = PBXFileReference; lastKnownFileType = sourcecode.cpp.h; path = outlook_mailcart.hpp; sourceTree = "<group>"; };
		A731EDA7A89315A29CD9A7F6 /* OutlookClientBridge.mm */ = {isa = PBXFileReference; lastKnownFileType = sourcecode.cpp.objcpp; path = OutlookClientBridge.mm; sourceTree = "<group>"; };
		CE7770D575DB25099CC67850 /* mailcart.hpp */ = {isa = PBXFileReference; lastKnownFileType = sourcecode.cpp.h; path = mailcart.hpp; sourceTree = "<group>"; };
		D36EB4D0A9A281B0E3741778 /* outlook_mailcart.cpp */ = {isa = PBXFileReference; lastKnownFileType = sourcecode.cpp.cpp; path = outlook_mailcart.cpp; sourceTree = "<group>"; };
/* End PBXFileReference section */

/* Begin PBXFrameworksBuildPhase section */
		8C19F54ED94C71789B4411D2 /* Frameworks */ = {
			isa = PBXFrameworksBuildPhase;
			buildActionMask = 2147483647;
			files = (
				74206399E1D2A0A4E445BE32 /* CrashReporter in Frameworks */,
			);
			runOnlyForDeploymentPostprocessing = 0;
		};
/* End PBXFrameworksBuildPhase section */

/* Begin PBXGroup section */
		20E59A3CE1F28E6DCF64D7DA = {
			isa = PBXGroup;
			children = (
				B4C8D4AFB84151972AA044FF /* Bridge */,
				915B27364F01C07CB7265236 /* cpp_core */,
				AC15DF35B0290E0C3D7F24DB /* UI */,
				B5ABBB079D29947968D39166 /* Products */,
			);
			sourceTree = "<group>";
		};
		915B27364F01C07CB7265236 /* cpp_core */ = {
			isa = PBXGroup;
			children = (
				B91859EC51B8CBDAA2F6596A /* include */,
				F44E4CA4C71D8915EFC92C42 /* src */,
			);
			name = cpp_core;
			path = ../cpp_core;
			sourceTree = "<group>";
		};
		AC15DF35B0290E0C3D7F24DB /* UI */ = {
			isa = PBXGroup;
			children = (
				1E0A47F2EF5B50C2BF6B355E /* CrashReporterService.swift */,
				0A76AAB774EB03152AA2E381 /* OutlookMailApp.swift */,
				9D8E3957C2F61DF4DEDD0070 /* OutlookMailContentView.swift */,
				7E180B3F5D48C4C80D7D91F7 /* OutlookMailViewModel.swift */,
			);
			path = UI;
			sourceTree = "<group>";
		};
		B4C8D4AFB84151972AA044FF /* Bridge */ = {
			isa = PBXGroup;
			children = (
				213CDD3BDD0C2BB559E7E8AB /* OutlookBridgeModels.h */,
				2029996D568A439DA3B2CC2C /* OutlookBridgeModels.m */,
				4EC2A1467465273C8329728E /* OutlookClientBridge.h */,
				A731EDA7A89315A29CD9A7F6 /* OutlookClientBridge.mm */,
			);
			path = Bridge;
			sourceTree = "<group>";
		};
		B5ABBB079D29947968D39166 /* Products */ = {
			isa = PBXGroup;
			children = (
				176F6F8289A4FFCF4C5FDCEB /* Mailcart.app */,
			);
			name = Products;
			sourceTree = "<group>";
		};
		B91859EC51B8CBDAA2F6596A /* include */ = {
			isa = PBXGroup;
			children = (
				CE7770D575DB25099CC67850 /* mailcart.hpp */,
				1ED72A397F3BABD8A09A2DF5 /* mime_content.hpp */,
				62F96857D687BD4476BF00AE /* outlook_client.hpp */,
				A20D9D306539BC692159B9FD /* outlook_mailcart.hpp */,
			);
			path = include;
			sourceTree = "<group>";
		};
		F44E4CA4C71D8915EFC92C42 /* src */ = {
			isa = PBXGroup;
			children = (
				214BEE79C39B4254FDECCC10 /* mailcart.cpp */,
				5F9B862A4046DF670403F29C /* mime_content.cpp */,
				5712FE9426E91A5FFC7F07AB /* outlook_client.cpp */,
				D36EB4D0A9A281B0E3741778 /* outlook_mailcart.cpp */,
			);
			path = src;
			sourceTree = "<group>";
		};
/* End PBXGroup section */

/* Begin PBXNativeTarget section */
		911B15D12E385AC358209CBA /* Mailcart */ = {
			isa = PBXNativeTarget;
			buildConfigurationList = A0C42C84786328476ADC47D3 /* Build configuration list for PBXNativeTarget "Mailcart" */;
			buildPhases = (
				0D7DDFACBBDEA80DBB0478CD /* Sources */,
				8C19F54ED94C71789B4411D2 /* Frameworks */,
			);
			buildRules = (
			);
			dependencies = (
			);
			name = Mailcart;
			packageProductDependencies = (
				E152F82AFE709819233C8A93 /* CrashReporter */,
			);
			productName = Mailcart;
			productReference = 176F6F8289A4FFCF4C5FDCEB /* Mailcart.app */;
			productType = "com.apple.product-type.application";
		};
/* End PBXNativeTarget section */

/* Begin PBXProject section */
		1EF177B1DAAEC6F93FF7652E /* Project object */ = {
			isa = PBXProject;
			attributes = {
				BuildIndependentTargetsInParallel = YES;
				LastUpgradeCheck = 1430;
				TargetAttributes = {
				};
			};
			buildConfigurationList = BAB6DF51D6D4963C8FED8AD2 /* Build configuration list for PBXProject "Mailcart" */;
			developmentRegion = en;
			hasScannedForEncodings = 0;
			knownRegions = (
				Base,
				en,
			);
			mainGroup = 20E59A3CE1F28E6DCF64D7DA;
			minimizedProjectReferenceProxies = 1;
			packageReferences = (
				7097804CEC6E51987BC7C061 /* XCRemoteSwiftPackageReference "plcrashreporter" */,
			);
			preferredProjectObjectVersion = 77;
			productRefGroup = B5ABBB079D29947968D39166 /* Products */;
			projectDirPath = "";
			projectRoot = "";
			targets = (
				911B15D12E385AC358209CBA /* Mailcart */,
			);
		};
/* End PBXProject section */

/* Begin PBXSourcesBuildPhase section */
		0D7DDFACBBDEA80DBB0478CD /* Sources */ = {
			isa = PBXSourcesBuildPhase;
			buildActionMask = 2147483647;
			files = (
				55BE462576943E97D5512446 /* CrashReporterService.swift in Sources */,
				EF7BBC78C432905F84CF3C4E /* OutlookBridgeModels.m in Sources */,
				6ADA1695A4F8B0A98D0A7335 /* OutlookClientBridge.mm in Sources */,
				C637DCB54C3610694BB1B7B4 /* OutlookMailApp.swift in Sources */,
				B59C3909F70924243B37F152 /* OutlookMailContentView.swift in Sources */,
				DAB48E4C7AC071BB3EFF76D8 /* OutlookMailViewModel.swift in Sources */,
				987A41F14DF6490DA92EB4E1 /* mailcart.cpp in Sources */,
				35276A5929D44FB0F4F5CA8D /* mime_content.cpp in Sources */,
				E140218C5669BB1F93027483 /* outlook_client.cpp in Sources */,
				76A52B31EA400B89551D715E /* outlook_mailcart.cpp in Sources */,
			);
			runOnlyForDeploymentPostprocessing = 0;
		};
/* End PBXSourcesBuildPhase section */

/* Begin XCBuildConfiguration section */
		2F01F0FC6B9F084D1ACD2511 /* Debug */ = {
			isa = XCBuildConfiguration;
			buildSettings = {
				ALWAYS_SEARCH_USER_PATHS = NO;
				CLANG_ANALYZER_NONNULL = YES;
				CLANG_ANALYZER_NUMBER_OBJECT_CONVERSION = YES_AGGRESSIVE;
				CLANG_CXX_LANGUAGE_STANDARD = "c++17";
				CLANG_CXX_LIBRARY = "libc++";
				CLANG_ENABLE_MODULES = YES;
				CLANG_ENABLE_OBJC_ARC = YES;
				CLANG_ENABLE_OBJC_WEAK = YES;
				CLANG_WARN_BLOCK_CAPTURE_AUTORELEASING = YES;
				CLANG_WARN_BOOL_CONVERSION = YES;
				CLANG_WARN_COMMA = YES;
				CLANG_WARN_CONSTANT_CONVERSION = YES;
				CLANG_WARN_DEPRECATED_OBJC_IMPLEMENTATIONS = YES;
				CLANG_WARN_DIRECT_OBJC_ISA_USAGE = YES_ERROR;
				CLANG_WARN_DOCUMENTATION_COMMENTS = YES;
				CLANG_WARN_EMPTY_BODY = YES;
				CLANG_WARN_ENUM_CONVERSION = YES;
				CLANG_WARN_INFINITE_RECURSION = YES;
				CLANG_WARN_INT_CONVERSION = YES;
				CLANG_WARN_NON_LITERAL_NULL_CONVERSION = YES;
				CLANG_WARN_OBJC_IMPLICIT_RETAIN_SELF = YES;
				CLANG_WARN_OBJC_LITERAL_CONVERSION = YES;
				CLANG_WARN_OBJC_ROOT_CLASS = YES_ERROR;
				CLANG_WARN_QUOTED_INCLUDE_IN_FRAMEWORK_HEADER = YES;
				CLANG_WARN_RANGE_LOOP_ANALYSIS = YES;
				CLANG_WARN_STRICT_PROTOTYPES = YES;
				CLANG_WARN_SUSPICIOUS_MOVE = YES;
				CLANG_WARN_UNGUARDED_AVAILABILITY = YES_AGGRESSIVE;
				CLANG_WARN_UNREACHABLE_CODE = YES;
				CLANG_WARN__DUPLICATE_METHOD_MATCH = YES;
				COPY_PHASE_STRIP = NO;
				DEBUG_INFORMATION_FORMAT = dwarf;
				ENABLE_APP_INTENTS_METADATA_GENERATION = NO;
				ENABLE_PREVIEWS = NO;
				ENABLE_STRICT_OBJC_MSGSEND = YES;
				ENABLE_TESTABILITY = YES;
				GCC_C_LANGUAGE_STANDARD = gnu11;
				GCC_DYNAMIC_NO_PIC = NO;
				GCC_NO_COMMON_BLOCKS = YES;
				GCC_OPTIMIZATION_LEVEL = 0;
				GCC_PREPROCESSOR_DEFINITIONS = (
					"$(inherited)",
					"DEBUG=1",
				);
				GCC_WARN_64_TO_32_BIT_CONVERSION = YES;
				GCC_WARN_ABOUT_RETURN_TYPE = YES_ERROR;
				GCC_WARN_UNDECLARED_SELECTOR = YES;
				GCC_WARN_UNINITIALIZED_AUTOS = YES_AGGRESSIVE;
				GCC_WARN_UNUSED_FUNCTION = YES;
				GCC_WARN_UNUSED_VARIABLE = YES;
				HEADER_SEARCH_PATHS = (
					"$(SRCROOT)/../cpp_core/include",
				);
				INFOPLIST_FILE = "$(SRCROOT)/Info.plist";
				MACOSX_DEPLOYMENT_TARGET = 13.0;
				MTL_ENABLE_DEBUG_INFO = INCLUDE_SOURCE;
				MTL_FAST_MATH = YES;
				ONLY_ACTIVE_ARCH = YES;
				PRODUCT_BUNDLE_IDENTIFIER = com.local.outlookmailapp;
				PRODUCT_NAME = "$(TARGET_NAME)";
				SDKROOT = macosx;
				SWIFT_ACTIVE_COMPILATION_CONDITIONS = DEBUG;
				SWIFT_OBJC_BRIDGING_HEADER = "OutlookMail-Bridging-Header.h";
				SWIFT_OPTIMIZATION_LEVEL = "-Onone";
				SWIFT_VERSION = 5.0;
			};
			name = Debug;
		};
		5A7240F349A968F6362BC435 /* Debug */ = {
			isa = XCBuildConfiguration;
			buildSettings = {
				ASSETCATALOG_COMPILER_APPICON_NAME = AppIcon;
				COMBINE_HIDPI_IMAGES = YES;
				LD_RUNPATH_SEARCH_PATHS = (
					"$(inherited)",
					"@executable_path/../Frameworks",
				);
				SDKROOT = macosx;
			};
			name = Debug;
		};
		8C418EA3CE60A53893EB107D /* Release */ = {
			isa = XCBuildConfiguration;
			buildSettings = {
				ASSETCATALOG_COMPILER_APPICON_NAME = AppIcon;
				COMBINE_HIDPI_IMAGES = YES;
				LD_RUNPATH_SEARCH_PATHS = (
					"$(inherited)",
					"@executable_path/../Frameworks",
				);
				SDKROOT = macosx;
			};
			name = Release;
		};
		ABA6C1AF58DE12A5A8992125 /* Release */ = {
			isa = XCBuildConfiguration;
			buildSettings = {
				ALWAYS_SEARCH_USER_PATHS = NO;
				CLANG_ANALYZER_NONNULL = YES;
				CLANG_ANALYZER_NUMBER_OBJECT_CONVERSION = YES_AGGRESSIVE;
				CLANG_CXX_LANGUAGE_STANDARD = "c++17";
				CLANG_CXX_LIBRARY = "libc++";
				CLANG_ENABLE_MODULES = YES;
				CLANG_ENABLE_OBJC_ARC = YES;
				CLANG_ENABLE_OBJC_WEAK = YES;
				CLANG_WARN_BLOCK_CAPTURE_AUTORELEASING = YES;
				CLANG_WARN_BOOL_CONVERSION = YES;
				CLANG_WARN_COMMA = YES;
				CLANG_WARN_CONSTANT_CONVERSION = YES;
				CLANG_WARN_DEPRECATED_OBJC_IMPLEMENTATIONS = YES;
				CLANG_WARN_DIRECT_OBJC_ISA_USAGE = YES_ERROR;
				CLANG_WARN_DOCUMENTATION_COMMENTS = YES;
				CLANG_WARN_EMPTY_BODY = YES;
				CLANG_WARN_ENUM_CONVERSION = YES;
				CLANG_WARN_INFINITE_RECURSION = YES;
				CLANG_WARN_INT_CONVERSION = YES;
				CLANG_WARN_NON_LITERAL_NULL_CONVERSION = YES;
				CLANG_WARN_OBJC_IMPLICIT_RETAIN_SELF = YES;
				CLANG_WARN_OBJC_LITERAL_CONVERSION = YES;
				CLANG_WARN_OBJC_ROOT_CLASS = YES_ERROR;
				CLANG_WARN_QUOTED_INCLUDE_IN_FRAMEWORK_HEADER = YES;
				CLANG_WARN_RANGE_LOOP_ANALYSIS = YES;
				CLANG_WARN_STRICT_PROTOTYPES = YES;
				CLANG_WARN_SUSPICIOUS_MOVE = YES;
				CLANG_WARN_UNGUARDED_AVAILABILITY = YES_AGGRESSIVE;
				CLANG_WARN_UNREACHABLE_CODE = YES;
				CLANG_WARN__DUPLICATE_METHOD_MATCH = YES;
				COPY_PHASE_STRIP = NO;
				DEBUG_INFORMATION_FORMAT = "dwarf-with-dsym";
				ENABLE_APP_INTENTS_METADATA_GENERATION = NO;
				ENABLE_NS_ASSERTIONS = NO;
				ENABLE_PREVIEWS = NO;
				ENABLE_STRICT_OBJC_MSGSEND = YES;
				GCC_C_LANGUAGE_STANDARD = gnu11;
				GCC_NO_COMMON_BLOCKS = YES;
				GCC_WARN_64_TO_32_BIT_CONVERSION = YES;
				GCC_WARN_ABOUT_RETURN_TYPE = YES_ERROR;
				GCC_WARN_UNDECLARED_SELECTOR = YES;
				GCC_WARN_UNINITIALIZED_AUTOS = YES_AGGRESSIVE;
				GCC_WARN_UNUSED_FUNCTION = YES;
				GCC_WARN_UNUSED_VARIABLE = YES;
				HEADER_SEARCH_PATHS = (
					"$(SRCROOT)/../cpp_core/include",
				);
				INFOPLIST_FILE = "$(SRCROOT)/Info.plist";
				MACOSX_DEPLOYMENT_TARGET = 13.0;
				MTL_ENABLE_DEBUG_INFO = NO;
				MTL_FAST_MATH = YES;
				PRODUCT_BUNDLE_IDENTIFIER = com.local.outlookmailapp;
				PRODUCT_NAME = "$(TARGET_NAME)";
				SDKROOT = macosx;
				SWIFT_COMPILATION_MODE = wholemodule;
				SWIFT_OBJC_BRIDGING_HEADER = "OutlookMail-Bridging-Header.h";
				SWIFT_OPTIMIZATION_LEVEL = "-O";
				SWIFT_VERSION = 5.0;
			};
			name = Release;
		};
/* End XCBuildConfiguration section */

/* Begin XCConfigurationList section */
		A0C42C84786328476ADC47D3 /* Build configuration list for PBXNativeTarget "Mailcart" */ = {
			isa = XCConfigurationList;
			buildConfigurations = (
				5A7240F349A968F6362BC435 /* Debug */,
				8C418EA3CE60A53893EB107D /* Release */,
			);
			defaultConfigurationIsVisible = 0;
			defaultConfigurationName = Debug;
		};
		BAB6DF51D6D4963C8FED8AD2 /* Build configuration list for PBXProject "Mailcart" */ = {
			isa = XCConfigurationList;
			buildConfigurations = (
				2F01F0FC6B9F084D1ACD2511 /* Debug */,
				ABA6C1AF58DE12A5A8992125 /* Release */,
			);
			defaultConfigurationIsVisible = 0;
			defaultConfigurationName = Debug;
		};
/* End XCConfigurationList section */

/* Begin XCRemoteSwiftPackageReference section */
		7097804CEC6E51987BC7C061 /* XCRemoteSwiftPackageReference "plcrashreporter" */ = {
			isa = XCRemoteSwiftPackageReference;
			repositoryURL = "https://github.com/microsoft/plcrashreporter.git";
			requirement = {
				kind = upToNextMajorVersion;
				minimumVersion = 1.12.0;
			};
		};
/* End XCRemoteSwiftPackageReference section */

/* Begin XCSwiftPackageProductDependency section */
		E152F82AFE709819233C8A93 /* CrashReporter */ = {
			isa = XCSwiftPackageProductDependency;
			package = 7097804CEC6E51987BC7C061 /* XCRemoteSwiftPackageReference "plcrashreporter" */;
			productName = CrashReporter;
		};
/* End XCSwiftPackageProductDependency section */
	};
	rootObject = 1EF177B1DAAEC6F93FF7652E /* Project object */;
}
